
Microsoft Visual Studio Solution File, Format Version 12.00
# Visual Studio Version 16
VisualStudioVersion = 16.0.30717.126
MinimumVisualStudioVersion = 10.0.40219.1
Project("{FAE04EC0-301F-11D3-BF4B-00C04F79EFBC}") = "plugin_steam", "plugins\plugin_steam\plugin_steam.csproj", "{0758458E-CE7C-498D-8FC1-AE04F77A1706}"
EndProject
Project("{FAE04EC0-301F-11D3-BF4B-00C04F79EFBC}") = "backend_test", "backend_test\backend_test.csproj", "{F081C306-F71C-458A-8E40-6C48AB6954F3}"
EndProject
Global
	GlobalSection(SolutionConfigurationPlatforms) = preSolution
		Debug|Any CPU = Debug|Any CPU
		Release|Any CPU = Release|Any CPU
	EndGlobalSection
	GlobalSection(ProjectConfigurationPlatforms) = postSolution
		{0758458E-CE7C-498D-8FC1-AE04F77A1706}.Debug|Any CPU.ActiveCfg = Debug|Any CPU
		{0758458E-CE7C-498D-8FC1-AE04F77A1706}.Debug|Any CPU.Build.0 = Debug|Any CPU
		{0758458E-CE7C-498D-8FC1-AE04F77A1706}.Release|Any CPU.ActiveCfg = Release|Any CPU
		{0758458E-CE7C-498D-8FC1-AE04F77A1706}.Release|Any CPU.Build.0 = Release|Any CPU
		{F081C306-F71C-458A-8E40-6C48AB6954F3}.Debug|Any CPU.ActiveCfg = Debug|Any CPU
		{F081C306-F71C-458A-8E40-6C48AB6954F3}.Debug|Any CPU.Build.0 = Debug|Any CPU
		{F081C306-F71C-458A-8E40-6C48AB6954F3}.Release|Any CPU.ActiveCfg = Release|Any CPU
		{F081C306-F71C-458A-8E40-6C48AB6954F3}.Release|Any CPU.Build.0 = Release|Any CPU
	EndGlobalSection
	GlobalSection(SolutionProperties) = preSolution
		HideSolutionNode = FALSE
	EndGlobalSection
	GlobalSection(ExtensibilityGlobals) = postSolution
		SolutionGuid = {E60AD17C-AF6B-4023-9272-E2752687C0F7}
	EndGlobalSection
EndGlobal
